
Microsoft Visual Studio Solution File, Format Version 12.00
# Visual Studio Version 17
VisualStudioVersion = 17.8.34316.72
MinimumVisualStudioVersion = 10.0.40219.1
Project("{FAE04EC0-301F-11D3-BF4B-00C04F79EFBC}") = "SistemaPOS", "SistemaPOS\SistemaPOS.csproj", "{BB6E272B-334D-4831-B441-F10A13370E6D}"
EndProject
Global
	GlobalSection(SolutionConfigurationPlatforms) = preSolution
		Debug|Any CPU = Debug|Any CPU
		Release|Any CPU = Release|Any CPU
	EndGlobalSection
	GlobalSection(ProjectConfigurationPlatforms) = postSolution
		{BB6E272B-334D-4831-B441-F10A13370E6D}.Debug|Any CPU.ActiveCfg = Debug|Any CPU
		{BB6E272B-334D-4831-B441-F10A13370E6D}.Debug|Any CPU.Build.0 = Debug|Any CPU
		{BB6E272B-334D-4831-B441-F10A13370E6D}.Release|Any CPU.ActiveCfg = Release|Any CPU
		{BB6E272B-334D-4831-B441-F10A13370E6D}.Release|Any CPU.Build.0 = Release|Any CPU
	EndGlobalSection
	GlobalSection(SolutionProperties) = preSolution
		HideSolutionNode = FALSE
	EndGlobalSection
	GlobalSection(ExtensibilityGlobals) = postSolution
		SolutionGuid = {CCEB3A72-EDFC-48D6-9CD1-142C49D552B1}
	EndGlobalSection
EndGlobal
